
Microsoft Visual Studio Solution File, Format Version 12.00
# Visual Studio Version 16
VisualStudioVersion = 16.0.34407.143
MinimumVisualStudioVersion = 10.0.40219.1
Project("{FAE04EC0-301F-11D3-BF4B-00C04F79EFBC}") = "presentacion", "presentacion\presentacion.csproj", "{F751388F-41D6-48B9-BC3F-27E9C887F909}"
EndProject
Project("{FAE04EC0-301F-11D3-BF4B-00C04F79EFBC}") = "dominio", "dominio\dominio.csproj", "{E045442D-4D82-4BE2-9381-537C720C2F8E}"
EndProject
Project("{FAE04EC0-301F-11D3-BF4B-00C04F79EFBC}") = "negocio", "negocio\negocio.csproj", "{5211343B-12D6-4D75-BE5A-934FF57BA4C7}"
EndProject
Global
	GlobalSection(SolutionConfigurationPlatforms) = preSolution
		Debug|Any CPU = Debug|Any CPU
		Release|Any CPU = Release|Any CPU
	EndGlobalSection
	GlobalSection(ProjectConfigurationPlatforms) = postSolution
		{F751388F-41D6-48B9-BC3F-27E9C887F909}.Debug|Any CPU.ActiveCfg = Debug|Any CPU
		{F751388F-41D6-48B9-BC3F-27E9C887F909}.Debug|Any CPU.Build.0 = Debug|Any CPU
		{F751388F-41D6-48B9-BC3F-27E9C887F909}.Release|Any CPU.ActiveCfg = Release|Any CPU
		{F751388F-41D6-48B9-BC3F-27E9C887F909}.Release|Any CPU.Build.0 = Release|Any CPU
		{E045442D-4D82-4BE2-9381-537C720C2F8E}.Debug|Any CPU.ActiveCfg = Debug|Any CPU
		{E045442D-4D82-4BE2-9381-537C720C2F8E}.Debug|Any CPU.Build.0 = Debug|Any CPU
		{E045442D-4D82-4BE2-9381-537C720C2F8E}.Release|Any CPU.ActiveCfg = Release|Any CPU
		{E045442D-4D82-4BE2-9381-537C720C2F8E}.Release|Any CPU.Build.0 = Release|Any CPU
		{5211343B-12D6-4D75-BE5A-934FF57BA4C7}.Debug|Any CPU.ActiveCfg = Debug|Any CPU
		{5211343B-12D6-4D75-BE5A-934FF57BA4C7}.Debug|Any CPU.Build.0 = Debug|Any CPU
		{5211343B-12D6-4D75-BE5A-934FF57BA4C7}.Release|Any CPU.ActiveCfg = Release|Any CPU
		{5211343B-12D6-4D75-BE5A-934FF57BA4C7}.Release|Any CPU.Build.0 = Release|Any CPU
	EndGlobalSection
	GlobalSection(SolutionProperties) = preSolution
		HideSolutionNode = FALSE
	EndGlobalSection
	GlobalSection(ExtensibilityGlobals) = postSolution
		SolutionGuid = {6FA61B84-625D-4509-818F-BC7E9CB04B1C}
	EndGlobalSection
EndGlobal
